{
  "name": "miniprogram",
  "version": "1.0.0",
  "lockfileVersion": 2,
  "requires": true,
  "packages": {
    "": {
      "name": "miniprogram",
      "version": "1.0.0",
      "license": "ISC",
      "dependencies": {
        "@antv/wx-f2": "^2.1.1",
        "@vant/weapp": "^1.10.5",
        "dayjs": "^1.11.6"
      },
      "devDependencies": {
        "miniprogram-api-typings": "^3.6.0"
      }
    },
    "node_modules/@antv/adjust": {
      "version": "0.1.1",
      "resolved": "https://registry.npmmirror.com/@antv/adjust/-/adjust-0.1.1.tgz",
      "integrity": "sha512-9FaMOyBlM4AgoRL0b5o0VhEKAYkexBNUrxV8XmpHU/9NBPJONBOB/NZUlQDqxtLItrt91tCfbAuMQmF529UX2Q==",
      "dependencies": {
        "@antv/util": "~1.3.1"
      }
    },
    "node_modules/@antv/adjust/node_modules/@antv/util": {
      "version": "1.3.1",
      "resolved": "https://registry.npmmirror.com/@antv/util/-/util-1.3.1.tgz",
      "integrity": "sha512-cbUta0hIJrKEaW3eKoGarz3Ita+9qUPF2YzTj8A6wds/nNiy20G26ztIWHU+5ThLc13B1n5Ik52LbaCaeg9enA==",
      "dependencies": {
        "@antv/gl-matrix": "^2.7.1"
      }
    },
    "node_modules/@antv/f2": {
      "version": "3.7.8",
      "resolved": "https://registry.npmmirror.com/@antv/f2/-/f2-3.7.8.tgz",
      "integrity": "sha512-ZPwgKd/ycQAQBhNoOn7+silxURYJVgtRv/q7f68X9++XRvitQPwtDnpUsR0gyLUbFO1XiFbhXtbRx8RzyZWFdg==",
      "dependencies": {
        "@antv/adjust": "~0.1.1",
        "@antv/scale": "~0.3.3",
        "@antv/util": "~2.0.6",
        "@babel/runtime": "^7.7.7",
        "@types/hammerjs": "^2.0.36",
        "hammerjs": "^2.0.8",
        "type-fest": "^0.15.1"
      }
    },
    "node_modules/@antv/gl-matrix": {
      "version": "2.7.1",
      "resolved": "https://registry.npmmirror.com/@antv/gl-matrix/-/gl-matrix-2.7.1.tgz",
      "integrity": "sha512-oOWcVNlpELIKi9x+Mm1Vwbz8pXfkbJKykoCIOJ/dNK79hSIANbpXJ5d3Rra9/wZqK6MC961B7sybFhPlLraT3Q=="
    },
    "node_modules/@antv/scale": {
      "version": "0.3.18",
      "resolved": "https://registry.npmmirror.com/@antv/scale/-/scale-0.3.18.tgz",
      "integrity": "sha512-GHwE6Lo7S/Q5fgaLPaCsW+CH+3zl4aXpnN1skOiEY0Ue9/u+s2EySv6aDXYkAqs//i0uilMDD/0/4n8caX9U9w==",
      "dependencies": {
        "@antv/util": "~2.0.3",
        "fecha": "~4.2.0",
        "tslib": "^2.0.0"
      }
    },
    "node_modules/@antv/util": {
      "version": "2.0.17",
      "resolved": "https://registry.npmmirror.com/@antv/util/-/util-2.0.17.tgz",
      "integrity": "sha512-o6I9hi5CIUvLGDhth0RxNSFDRwXeywmt6ExR4+RmVAzIi48ps6HUy+svxOCayvrPBN37uE6TAc2KDofRo0nK9Q==",
      "dependencies": {
        "csstype": "^3.0.8",
        "tslib": "^2.0.3"
      }
    },
    "node_modules/@antv/wx-f2": {
      "version": "2.1.1",
      "resolved": "https://registry.npmmirror.com/@antv/wx-f2/-/wx-f2-2.1.1.tgz",
      "integrity": "sha512-15S+Fz9NYFpZvXHaOM65lcNWEpsx7SmIyDDGMDZ0/beNW2T4DkxBdJwVLjE/SBIZc7kbQKJsC8n2p4HLbHcJYg==",
      "dependencies": {
        "@antv/f2": "~3.7.0"
      }
    },
    "node_modules/@babel/runtime": {
      "version": "7.20.0",
      "resolved": "https://registry.npmmirror.com/@babel/runtime/-/runtime-7.20.0.tgz",
      "integrity": "sha512-NDYdls71fTXoU8TZHfbBWg7DiZfNzClcKui/+kyi6ppD2L1qnWW3VV6CjtaBXSUGGhiTWJ6ereOIkUvenif66Q==",
      "dependencies": {
        "regenerator-runtime": "^0.13.10"
      },
      "engines": {
        "node": ">=6.9.0"
      }
    },
    "node_modules/@types/hammerjs": {
      "version": "2.0.41",
      "resolved": "https://registry.npmmirror.com/@types/hammerjs/-/hammerjs-2.0.41.tgz",
      "integrity": "sha512-ewXv/ceBaJprikMcxCmWU1FKyMAQ2X7a9Gtmzw8fcg2kIePI1crERDM818W+XYrxqdBBOdlf2rm137bU+BltCA=="
    },
    "node_modules/@vant/weapp": {
      "version": "1.10.5",
      "resolved": "https://registry.npmmirror.com/@vant/weapp/-/weapp-1.10.5.tgz",
      "integrity": "sha512-bAHp9r0ZiRsOqPOLzQHI/ZvkAlXzol1/TFhM70MyghuxkzJTjcDUd8RIfLkCN3c1MCK/PfBGw2an8/afygftCg=="
    },
    "node_modules/csstype": {
      "version": "3.1.1",
      "resolved": "https://registry.npmmirror.com/csstype/-/csstype-3.1.1.tgz",
      "integrity": "sha512-DJR/VvkAvSZW9bTouZue2sSxDwdTN92uHjqeKVm+0dAqdfNykRzQ95tay8aXMBAAPpUiq4Qcug2L7neoRh2Egw=="
    },
    "node_modules/dayjs": {
      "version": "1.11.6",
      "resolved": "https://registry.npmmirror.com/dayjs/-/dayjs-1.11.6.tgz",
      "integrity": "sha512-zZbY5giJAinCG+7AGaw0wIhNZ6J8AhWuSXKvuc1KAyMiRsvGQWqh4L+MomvhdAYjN+lqvVCMq1I41e3YHvXkyQ=="
    },
    "node_modules/fecha": {
      "version": "4.2.3",
      "resolved": "https://registry.npmmirror.com/fecha/-/fecha-4.2.3.tgz",
      "integrity": "sha512-OP2IUU6HeYKJi3i0z4A19kHMQoLVs4Hc+DPqqxI2h/DPZHTm/vjsfC6P0b4jCMy14XizLBqvndQ+UilD7707Jw=="
    },
    "node_modules/hammerjs": {
      "version": "2.0.8",
      "resolved": "https://registry.npmmirror.com/hammerjs/-/hammerjs-2.0.8.tgz",
      "integrity": "sha512-tSQXBXS/MWQOn/RKckawJ61vvsDpCom87JgxiYdGwHdOa0ht0vzUWDlfioofFCRU0L+6NGDt6XzbgoJvZkMeRQ==",
      "engines": {
        "node": ">=0.8.0"
      }
    },
    "node_modules/miniprogram-api-typings": {
      "version": "3.6.0",
      "resolved": "https://registry.npmmirror.com/miniprogram-api-typings/-/miniprogram-api-typings-3.6.0.tgz",
      "integrity": "sha512-xwK3PzhhxnfWqDfBikHLdAbj7Wy4F887nBcQrzwuF758Fw2qC4ivpKPL9t0uJZk5QYnU28+NqA7Q3lzYGMHQnA==",
      "dev": true
    },
    "node_modules/regenerator-runtime": {
      "version": "0.13.10",
      "resolved": "https://registry.npmmirror.com/regenerator-runtime/-/regenerator-runtime-0.13.10.tgz",
      "integrity": "sha512-KepLsg4dU12hryUO7bp/axHAKvwGOCV0sGloQtpagJ12ai+ojVDqkeGSiRX1zlq+kjIMZ1t7gpze+26QqtdGqw=="
    },
    "node_modules/tslib": {
      "version": "2.4.0",
      "resolved": "https://registry.npmmirror.com/tslib/-/tslib-2.4.0.tgz",
      "integrity": "sha512-d6xOpEDfsi2CZVlPQzGeux8XMwLT9hssAsaPYExaQMuYskwb+x1x7J371tWlbBdWHroy99KnVB6qIkUbs5X3UQ=="
    },
    "node_modules/type-fest": {
      "version": "0.15.1",
      "resolved": "https://registry.npmmirror.com/type-fest/-/type-fest-0.15.1.tgz",
      "integrity": "sha512-n+UXrN8i5ioo7kqT/nF8xsEzLaqFra7k32SEsSPwvXVGyAcRgV/FUQN/sgfptJTR1oRmmq7z4IXMFSM7im7C9A==",
      "engines": {
        "node": ">=10"
      }
    }
  },
  "dependencies": {
    "@antv/adjust": {
      "version": "0.1.1",
      "resolved": "https://registry.npmmirror.com/@antv/adjust/-/adjust-0.1.1.tgz",
      "integrity": "sha512-9FaMOyBlM4AgoRL0b5o0VhEKAYkexBNUrxV8XmpHU/9NBPJONBOB/NZUlQDqxtLItrt91tCfbAuMQmF529UX2Q==",
      "requires": {
        "@antv/util": "~1.3.1"
      },
      "dependencies": {
        "@antv/util": {
          "version": "1.3.1",
          "resolved": "https://registry.npmmirror.com/@antv/util/-/util-1.3.1.tgz",
          "integrity": "sha512-cbUta0hIJrKEaW3eKoGarz3Ita+9qUPF2YzTj8A6wds/nNiy20G26ztIWHU+5ThLc13B1n5Ik52LbaCaeg9enA==",
          "requires": {
            "@antv/gl-matrix": "^2.7.1"
          }
        }
      }
    },
    "@antv/f2": {
      "version": "3.7.8",
      "resolved": "https://registry.npmmirror.com/@antv/f2/-/f2-3.7.8.tgz",
      "integrity": "sha512-ZPwgKd/ycQAQBhNoOn7+silxURYJVgtRv/q7f68X9++XRvitQPwtDnpUsR0gyLUbFO1XiFbhXtbRx8RzyZWFdg==",
      "requires": {
        "@antv/adjust": "~0.1.1",
        "@antv/scale": "~0.3.3",
        "@antv/util": "~2.0.6",
        "@babel/runtime": "^7.7.7",
        "@types/hammerjs": "^2.0.36",
        "hammerjs": "^2.0.8",
        "type-fest": "^0.15.1"
      }
    },
    "@antv/gl-matrix": {
      "version": "2.7.1",
      "resolved": "https://registry.npmmirror.com/@antv/gl-matrix/-/gl-matrix-2.7.1.tgz",
      "integrity": "sha512-oOWcVNlpELIKi9x+Mm1Vwbz8pXfkbJKykoCIOJ/dNK79hSIANbpXJ5d3Rra9/wZqK6MC961B7sybFhPlLraT3Q=="
    },
    "@antv/scale": {
      "version": "0.3.18",
      "resolved": "https://registry.npmmirror.com/@antv/scale/-/scale-0.3.18.tgz",
      "integrity": "sha512-GHwE6Lo7S/Q5fgaLPaCsW+CH+3zl4aXpnN1skOiEY0Ue9/u+s2EySv6aDXYkAqs//i0uilMDD/0/4n8caX9U9w==",
      "requires": {
        "@antv/util": "~2.0.3",
        "fecha": "~4.2.0",
        "tslib": "^2.0.0"
      }
    },
    "@antv/util": {
      "version": "2.0.17",
      "resolved": "https://registry.npmmirror.com/@antv/util/-/util-2.0.17.tgz",
      "integrity": "sha512-o6I9hi5CIUvLGDhth0RxNSFDRwXeywmt6ExR4+RmVAzIi48ps6HUy+svxOCayvrPBN37uE6TAc2KDofRo0nK9Q==",
      "requires": {
        "csstype": "^3.0.8",
        "tslib": "^2.0.3"
      }
    },
    "@antv/wx-f2": {
      "version": "2.1.1",
      "resolved": "https://registry.npmmirror.com/@antv/wx-f2/-/wx-f2-2.1.1.tgz",
      "integrity": "sha512-15S+Fz9NYFpZvXHaOM65lcNWEpsx7SmIyDDGMDZ0/beNW2T4DkxBdJwVLjE/SBIZc7kbQKJsC8n2p4HLbHcJYg==",
      "requires": {
        "@antv/f2": "~3.7.0"
      }
    },
    "@babel/runtime": {
      "version": "7.20.0",
      "resolved": "https://registry.npmmirror.com/@babel/runtime/-/runtime-7.20.0.tgz",
      "integrity": "sha512-NDYdls71fTXoU8TZHfbBWg7DiZfNzClcKui/+kyi6ppD2L1qnWW3VV6CjtaBXSUGGhiTWJ6ereOIkUvenif66Q==",
      "requires": {
        "regenerator-runtime": "^0.13.10"
      }
    },
    "@types/hammerjs": {
      "version": "2.0.41",
      "resolved": "https://registry.npmmirror.com/@types/hammerjs/-/hammerjs-2.0.41.tgz",
      "integrity": "sha512-ewXv/ceBaJprikMcxCmWU1FKyMAQ2X7a9Gtmzw8fcg2kIePI1crERDM818W+XYrxqdBBOdlf2rm137bU+BltCA=="
    },
    "@vant/weapp": {
      "version": "1.10.5",
      "resolved": "https://registry.npmmirror.com/@vant/weapp/-/weapp-1.10.5.tgz",
      "integrity": "sha512-bAHp9r0ZiRsOqPOLzQHI/ZvkAlXzol1/TFhM70MyghuxkzJTjcDUd8RIfLkCN3c1MCK/PfBGw2an8/afygftCg=="
    },
    "csstype": {
      "version": "3.1.1",
      "resolved": "https://registry.npmmirror.com/csstype/-/csstype-3.1.1.tgz",
      "integrity": "sha512-DJR/VvkAvSZW9bTouZue2sSxDwdTN92uHjqeKVm+0dAqdfNykRzQ95tay8aXMBAAPpUiq4Qcug2L7neoRh2Egw=="
    },
    "dayjs": {
      "version": "1.11.6",
      "resolved": "https://registry.npmmirror.com/dayjs/-/dayjs-1.11.6.tgz",
      "integrity": "sha512-zZbY5giJAinCG+7AGaw0wIhNZ6J8AhWuSXKvuc1KAyMiRsvGQWqh4L+MomvhdAYjN+lqvVCMq1I41e3YHvXkyQ=="
    },
    "fecha": {
      "version": "4.2.3",
      "resolved": "https://registry.npmmirror.com/fecha/-/fecha-4.2.3.tgz",
      "integrity": "sha512-OP2IUU6HeYKJi3i0z4A19kHMQoLVs4Hc+DPqqxI2h/DPZHTm/vjsfC6P0b4jCMy14XizLBqvndQ+UilD7707Jw=="
    },
    "hammerjs": {
      "version": "2.0.8",
      "resolved": "https://registry.npmmirror.com/hammerjs/-/hammerjs-2.0.8.tgz",
      "integrity": "sha512-tSQXBXS/MWQOn/RKckawJ61vvsDpCom87JgxiYdGwHdOa0ht0vzUWDlfioofFCRU0L+6NGDt6XzbgoJvZkMeRQ=="
    },
    "miniprogram-api-typings": {
      "version": "3.6.0",
      "resolved": "https://registry.npmmirror.com/miniprogram-api-typings/-/miniprogram-api-typings-3.6.0.tgz",
      "integrity": "sha512-xwK3PzhhxnfWqDfBikHLdAbj7Wy4F887nBcQrzwuF758Fw2qC4ivpKPL9t0uJZk5QYnU28+NqA7Q3lzYGMHQnA==",
      "dev": true
    },
    "regenerator-runtime": {
      "version": "0.13.10",
      "resolved": "https://registry.npmmirror.com/regenerator-runtime/-/regenerator-runtime-0.13.10.tgz",
      "integrity": "sha512-KepLsg4dU12hryUO7bp/axHAKvwGOCV0sGloQtpagJ12ai+ojVDqkeGSiRX1zlq+kjIMZ1t7gpze+26QqtdGqw=="
    },
    "tslib": {
      "version": "2.4.0",
      "resolved": "https://registry.npmmirror.com/tslib/-/tslib-2.4.0.tgz",
      "integrity": "sha512-d6xOpEDfsi2CZVlPQzGeux8XMwLT9hssAsaPYExaQMuYskwb+x1x7J371tWlbBdWHroy99KnVB6qIkUbs5X3UQ=="
    },
    "type-fest": {
      "version": "0.15.1",
      "resolved": "https://registry.npmmirror.com/type-fest/-/type-fest-0.15.1.tgz",
      "integrity": "sha512-n+UXrN8i5ioo7kqT/nF8xsEzLaqFra7k32SEsSPwvXVGyAcRgV/FUQN/sgfptJTR1oRmmq7z4IXMFSM7im7C9A=="
    }
  }
}
