{
  "name": "miniprogram",
  "version": "1.0.0",
  "lockfileVersion": 2,
  "requires": true,
  "packages": {
    "": {
      "name": "miniprogram",
      "version": "1.0.0",
      "license": "ISC",
      "dependencies": {
        "@antv/f2": "^4.0.36",
        "@antv/f2-wx": "^4.0.36",
        "@vant/weapp": "^1.10.5",
        "dayjs": "^1.11.6",
        "moment": "^2.29.4"
      },
      "devDependencies": {
        "miniprogram-api-typings": "^3.6.0"
      }
    },
    "node_modules/@antv/adjust": {
      "version": "0.2.5",
      "resolved": "https://registry.npmmirror.com/@antv/adjust/-/adjust-0.2.5.tgz",
      "integrity": "sha512-MfWZOkD9CqXRES6MBGRNe27Q577a72EIwyMnE29wIlPliFvJfWwsrONddpGU7lilMpVKecS3WAzOoip3RfPTRQ==",
      "dependencies": {
        "@antv/util": "~2.0.0",
        "tslib": "^1.10.0"
      }
    },
    "node_modules/@antv/event-emitter": {
      "version": "0.1.3",
      "resolved": "https://registry.npmmirror.com/@antv/event-emitter/-/event-emitter-0.1.3.tgz",
      "integrity": "sha512-4ddpsiHN9Pd4UIlWuKVK1C4IiZIdbwQvy9i7DUSI3xNJ89FPUFt8lxDYj8GzzfdllV0NkJTRxnG+FvLk0llidg=="
    },
    "node_modules/@antv/f2": {
      "version": "4.0.36",
      "resolved": "https://registry.npmmirror.com/@antv/f2/-/f2-4.0.36.tgz",
      "integrity": "sha512-IGmdjBlNpWr3Hsth2sUAWKGRYnGIPEgbmhGhbdDlY2C3G1ir6reuL9Vk1rOBhjMvNdfgnjXKW2BGjNG53YCikA==",
      "dependencies": {
        "@antv/adjust": "~0.2.5",
        "@antv/event-emitter": "^0.1.2",
        "@antv/f2-graphic": "^0.0.11",
        "@antv/scale": "~0.3.3",
        "@antv/util": "~2.0.6",
        "@babel/runtime": "^7.12.5",
        "d3-cloud": "~1.2.5"
      }
    },
    "node_modules/@antv/f2-graphic": {
      "version": "0.0.11",
      "resolved": "https://registry.npmmirror.com/@antv/f2-graphic/-/f2-graphic-0.0.11.tgz",
      "integrity": "sha512-ylKw5bXam7XGmTOmCB+gS3O2jYCc4AqAT+o34XWfBU63JaShWVb3qoS81Z5bj/EItPhQYEpovWDwKxan7jLayQ==",
      "dependencies": {
        "@antv/util": "~2.0.6",
        "@babel/runtime": "^7.12.5"
      }
    },
    "node_modules/@antv/f2-wx": {
      "version": "4.0.36",
      "resolved": "https://registry.npmmirror.com/@antv/f2-wx/-/f2-wx-4.0.36.tgz",
      "integrity": "sha512-dQ07ccC557F5UZZhwmk5jzAzPXxByYB1y/hPMz5c6beZyV4ggb4mTMfLB6/i3ehnpBon2aMHNZ/GbfD/tkE1Jg==",
      "dependencies": {
        "@antv/f2": "^4.0.36",
        "@babel/runtime": "^7.12.5"
      }
    },
    "node_modules/@antv/scale": {
      "version": "0.3.18",
      "resolved": "https://registry.npmmirror.com/@antv/scale/-/scale-0.3.18.tgz",
      "integrity": "sha512-GHwE6Lo7S/Q5fgaLPaCsW+CH+3zl4aXpnN1skOiEY0Ue9/u+s2EySv6aDXYkAqs//i0uilMDD/0/4n8caX9U9w==",
      "dependencies": {
        "@antv/util": "~2.0.3",
        "fecha": "~4.2.0",
        "tslib": "^2.0.0"
      }
    },
    "node_modules/@antv/scale/node_modules/tslib": {
      "version": "2.4.0",
      "resolved": "https://registry.npmmirror.com/tslib/-/tslib-2.4.0.tgz",
      "integrity": "sha512-d6xOpEDfsi2CZVlPQzGeux8XMwLT9hssAsaPYExaQMuYskwb+x1x7J371tWlbBdWHroy99KnVB6qIkUbs5X3UQ=="
    },
    "node_modules/@antv/util": {
      "version": "2.0.17",
      "resolved": "https://registry.npmmirror.com/@antv/util/-/util-2.0.17.tgz",
      "integrity": "sha512-o6I9hi5CIUvLGDhth0RxNSFDRwXeywmt6ExR4+RmVAzIi48ps6HUy+svxOCayvrPBN37uE6TAc2KDofRo0nK9Q==",
      "dependencies": {
        "csstype": "^3.0.8",
        "tslib": "^2.0.3"
      }
    },
    "node_modules/@antv/util/node_modules/tslib": {
      "version": "2.4.0",
      "resolved": "https://registry.npmmirror.com/tslib/-/tslib-2.4.0.tgz",
      "integrity": "sha512-d6xOpEDfsi2CZVlPQzGeux8XMwLT9hssAsaPYExaQMuYskwb+x1x7J371tWlbBdWHroy99KnVB6qIkUbs5X3UQ=="
    },
    "node_modules/@babel/runtime": {
      "version": "7.20.0",
      "resolved": "https://registry.npmmirror.com/@babel/runtime/-/runtime-7.20.0.tgz",
      "integrity": "sha512-NDYdls71fTXoU8TZHfbBWg7DiZfNzClcKui/+kyi6ppD2L1qnWW3VV6CjtaBXSUGGhiTWJ6ereOIkUvenif66Q==",
      "dependencies": {
        "regenerator-runtime": "^0.13.10"
      },
      "engines": {
        "node": ">=6.9.0"
      }
    },
    "node_modules/@vant/weapp": {
      "version": "1.10.5",
      "resolved": "https://registry.npmmirror.com/@vant/weapp/-/weapp-1.10.5.tgz",
      "integrity": "sha512-bAHp9r0ZiRsOqPOLzQHI/ZvkAlXzol1/TFhM70MyghuxkzJTjcDUd8RIfLkCN3c1MCK/PfBGw2an8/afygftCg=="
    },
    "node_modules/csstype": {
      "version": "3.1.1",
      "resolved": "https://registry.npmmirror.com/csstype/-/csstype-3.1.1.tgz",
      "integrity": "sha512-DJR/VvkAvSZW9bTouZue2sSxDwdTN92uHjqeKVm+0dAqdfNykRzQ95tay8aXMBAAPpUiq4Qcug2L7neoRh2Egw=="
    },
    "node_modules/d3-cloud": {
      "version": "1.2.5",
      "resolved": "https://registry.npmmirror.com/d3-cloud/-/d3-cloud-1.2.5.tgz",
      "integrity": "sha512-4s2hXZgvs0CoUIw31oBAGrHt9Kt/7P9Ik5HIVzISFiWkD0Ga2VLAuO/emO/z1tYIpE7KG2smB4PhMPfFMJpahw==",
      "dependencies": {
        "d3-dispatch": "^1.0.3"
      }
    },
    "node_modules/d3-dispatch": {
      "version": "1.0.6",
      "resolved": "https://registry.npmmirror.com/d3-dispatch/-/d3-dispatch-1.0.6.tgz",
      "integrity": "sha512-fVjoElzjhCEy+Hbn8KygnmMS7Or0a9sI2UzGwoB7cCtvI1XpVN9GpoYlnb3xt2YV66oXYb1fLJ8GMvP4hdU1RA=="
    },
    "node_modules/dayjs": {
      "version": "1.11.6",
      "resolved": "https://registry.npmmirror.com/dayjs/-/dayjs-1.11.6.tgz",
      "integrity": "sha512-zZbY5giJAinCG+7AGaw0wIhNZ6J8AhWuSXKvuc1KAyMiRsvGQWqh4L+MomvhdAYjN+lqvVCMq1I41e3YHvXkyQ=="
    },
    "node_modules/fecha": {
      "version": "4.2.3",
      "resolved": "https://registry.npmmirror.com/fecha/-/fecha-4.2.3.tgz",
      "integrity": "sha512-OP2IUU6HeYKJi3i0z4A19kHMQoLVs4Hc+DPqqxI2h/DPZHTm/vjsfC6P0b4jCMy14XizLBqvndQ+UilD7707Jw=="
    },
    "node_modules/miniprogram-api-typings": {
      "version": "3.6.0",
      "resolved": "https://registry.npmmirror.com/miniprogram-api-typings/-/miniprogram-api-typings-3.6.0.tgz",
      "integrity": "sha512-xwK3PzhhxnfWqDfBikHLdAbj7Wy4F887nBcQrzwuF758Fw2qC4ivpKPL9t0uJZk5QYnU28+NqA7Q3lzYGMHQnA==",
      "dev": true
    },
    "node_modules/moment": {
      "version": "2.29.4",
      "resolved": "https://registry.npmmirror.com/moment/-/moment-2.29.4.tgz",
      "integrity": "sha512-5LC9SOxjSc2HF6vO2CyuTDNivEdoz2IvyJJGj6X8DJ0eFyfszE0QiEd+iXmBvUP3WHxSjFH/vIsA0EN00cgr8w==",
      "engines": {
        "node": "*"
      }
    },
    "node_modules/regenerator-runtime": {
      "version": "0.13.10",
      "resolved": "https://registry.npmmirror.com/regenerator-runtime/-/regenerator-runtime-0.13.10.tgz",
      "integrity": "sha512-KepLsg4dU12hryUO7bp/axHAKvwGOCV0sGloQtpagJ12ai+ojVDqkeGSiRX1zlq+kjIMZ1t7gpze+26QqtdGqw=="
    },
    "node_modules/tslib": {
      "version": "1.14.1",
      "resolved": "https://registry.npmmirror.com/tslib/-/tslib-1.14.1.tgz",
      "integrity": "sha512-Xni35NKzjgMrwevysHTCArtLDpPvye8zV/0E4EyYn43P7/7qvQwPh9BGkHewbMulVntbigmcT7rdX3BNo9wRJg=="
    }
  },
  "dependencies": {
    "@antv/adjust": {
      "version": "0.2.5",
      "resolved": "https://registry.npmmirror.com/@antv/adjust/-/adjust-0.2.5.tgz",
      "integrity": "sha512-MfWZOkD9CqXRES6MBGRNe27Q577a72EIwyMnE29wIlPliFvJfWwsrONddpGU7lilMpVKecS3WAzOoip3RfPTRQ==",
      "requires": {
        "@antv/util": "~2.0.0",
        "tslib": "^1.10.0"
      }
    },
    "@antv/event-emitter": {
      "version": "0.1.3",
      "resolved": "https://registry.npmmirror.com/@antv/event-emitter/-/event-emitter-0.1.3.tgz",
      "integrity": "sha512-4ddpsiHN9Pd4UIlWuKVK1C4IiZIdbwQvy9i7DUSI3xNJ89FPUFt8lxDYj8GzzfdllV0NkJTRxnG+FvLk0llidg=="
    },
    "@antv/f2": {
      "version": "4.0.36",
      "resolved": "https://registry.npmmirror.com/@antv/f2/-/f2-4.0.36.tgz",
      "integrity": "sha512-IGmdjBlNpWr3Hsth2sUAWKGRYnGIPEgbmhGhbdDlY2C3G1ir6reuL9Vk1rOBhjMvNdfgnjXKW2BGjNG53YCikA==",
      "requires": {
        "@antv/adjust": "~0.2.5",
        "@antv/event-emitter": "^0.1.2",
        "@antv/f2-graphic": "^0.0.11",
        "@antv/scale": "~0.3.3",
        "@antv/util": "~2.0.6",
        "@babel/runtime": "^7.12.5",
        "d3-cloud": "~1.2.5"
      }
    },
    "@antv/f2-graphic": {
      "version": "0.0.11",
      "resolved": "https://registry.npmmirror.com/@antv/f2-graphic/-/f2-graphic-0.0.11.tgz",
      "integrity": "sha512-ylKw5bXam7XGmTOmCB+gS3O2jYCc4AqAT+o34XWfBU63JaShWVb3qoS81Z5bj/EItPhQYEpovWDwKxan7jLayQ==",
      "requires": {
        "@antv/util": "~2.0.6",
        "@babel/runtime": "^7.12.5"
      }
    },
    "@antv/f2-wx": {
      "version": "4.0.36",
      "resolved": "https://registry.npmmirror.com/@antv/f2-wx/-/f2-wx-4.0.36.tgz",
      "integrity": "sha512-dQ07ccC557F5UZZhwmk5jzAzPXxByYB1y/hPMz5c6beZyV4ggb4mTMfLB6/i3ehnpBon2aMHNZ/GbfD/tkE1Jg==",
      "requires": {
        "@antv/f2": "^4.0.36",
        "@babel/runtime": "^7.12.5"
      }
    },
    "@antv/scale": {
      "version": "0.3.18",
      "resolved": "https://registry.npmmirror.com/@antv/scale/-/scale-0.3.18.tgz",
      "integrity": "sha512-GHwE6Lo7S/Q5fgaLPaCsW+CH+3zl4aXpnN1skOiEY0Ue9/u+s2EySv6aDXYkAqs//i0uilMDD/0/4n8caX9U9w==",
      "requires": {
        "@antv/util": "~2.0.3",
        "fecha": "~4.2.0",
        "tslib": "^2.0.0"
      },
      "dependencies": {
        "tslib": {
          "version": "2.4.0",
          "resolved": "https://registry.npmmirror.com/tslib/-/tslib-2.4.0.tgz",
          "integrity": "sha512-d6xOpEDfsi2CZVlPQzGeux8XMwLT9hssAsaPYExaQMuYskwb+x1x7J371tWlbBdWHroy99KnVB6qIkUbs5X3UQ=="
        }
      }
    },
    "@antv/util": {
      "version": "2.0.17",
      "resolved": "https://registry.npmmirror.com/@antv/util/-/util-2.0.17.tgz",
      "integrity": "sha512-o6I9hi5CIUvLGDhth0RxNSFDRwXeywmt6ExR4+RmVAzIi48ps6HUy+svxOCayvrPBN37uE6TAc2KDofRo0nK9Q==",
      "requires": {
        "csstype": "^3.0.8",
        "tslib": "^2.0.3"
      },
      "dependencies": {
        "tslib": {
          "version": "2.4.0",
          "resolved": "https://registry.npmmirror.com/tslib/-/tslib-2.4.0.tgz",
          "integrity": "sha512-d6xOpEDfsi2CZVlPQzGeux8XMwLT9hssAsaPYExaQMuYskwb+x1x7J371tWlbBdWHroy99KnVB6qIkUbs5X3UQ=="
        }
      }
    },
    "@babel/runtime": {
      "version": "7.20.0",
      "resolved": "https://registry.npmmirror.com/@babel/runtime/-/runtime-7.20.0.tgz",
      "integrity": "sha512-NDYdls71fTXoU8TZHfbBWg7DiZfNzClcKui/+kyi6ppD2L1qnWW3VV6CjtaBXSUGGhiTWJ6ereOIkUvenif66Q==",
      "requires": {
        "regenerator-runtime": "^0.13.10"
      }
    },
    "@vant/weapp": {
      "version": "1.10.5",
      "resolved": "https://registry.npmmirror.com/@vant/weapp/-/weapp-1.10.5.tgz",
      "integrity": "sha512-bAHp9r0ZiRsOqPOLzQHI/ZvkAlXzol1/TFhM70MyghuxkzJTjcDUd8RIfLkCN3c1MCK/PfBGw2an8/afygftCg=="
    },
    "csstype": {
      "version": "3.1.1",
      "resolved": "https://registry.npmmirror.com/csstype/-/csstype-3.1.1.tgz",
      "integrity": "sha512-DJR/VvkAvSZW9bTouZue2sSxDwdTN92uHjqeKVm+0dAqdfNykRzQ95tay8aXMBAAPpUiq4Qcug2L7neoRh2Egw=="
    },
    "d3-cloud": {
      "version": "1.2.5",
      "resolved": "https://registry.npmmirror.com/d3-cloud/-/d3-cloud-1.2.5.tgz",
      "integrity": "sha512-4s2hXZgvs0CoUIw31oBAGrHt9Kt/7P9Ik5HIVzISFiWkD0Ga2VLAuO/emO/z1tYIpE7KG2smB4PhMPfFMJpahw==",
      "requires": {
        "d3-dispatch": "^1.0.3"
      }
    },
    "d3-dispatch": {
      "version": "1.0.6",
      "resolved": "https://registry.npmmirror.com/d3-dispatch/-/d3-dispatch-1.0.6.tgz",
      "integrity": "sha512-fVjoElzjhCEy+Hbn8KygnmMS7Or0a9sI2UzGwoB7cCtvI1XpVN9GpoYlnb3xt2YV66oXYb1fLJ8GMvP4hdU1RA=="
    },
    "dayjs": {
      "version": "1.11.6",
      "resolved": "https://registry.npmmirror.com/dayjs/-/dayjs-1.11.6.tgz",
      "integrity": "sha512-zZbY5giJAinCG+7AGaw0wIhNZ6J8AhWuSXKvuc1KAyMiRsvGQWqh4L+MomvhdAYjN+lqvVCMq1I41e3YHvXkyQ=="
    },
    "fecha": {
      "version": "4.2.3",
      "resolved": "https://registry.npmmirror.com/fecha/-/fecha-4.2.3.tgz",
      "integrity": "sha512-OP2IUU6HeYKJi3i0z4A19kHMQoLVs4Hc+DPqqxI2h/DPZHTm/vjsfC6P0b4jCMy14XizLBqvndQ+UilD7707Jw=="
    },
    "miniprogram-api-typings": {
      "version": "3.6.0",
      "resolved": "https://registry.npmmirror.com/miniprogram-api-typings/-/miniprogram-api-typings-3.6.0.tgz",
      "integrity": "sha512-xwK3PzhhxnfWqDfBikHLdAbj7Wy4F887nBcQrzwuF758Fw2qC4ivpKPL9t0uJZk5QYnU28+NqA7Q3lzYGMHQnA==",
      "dev": true
    },
    "moment": {
      "version": "2.29.4",
      "resolved": "https://registry.npmmirror.com/moment/-/moment-2.29.4.tgz",
      "integrity": "sha512-5LC9SOxjSc2HF6vO2CyuTDNivEdoz2IvyJJGj6X8DJ0eFyfszE0QiEd+iXmBvUP3WHxSjFH/vIsA0EN00cgr8w=="
    },
    "regenerator-runtime": {
      "version": "0.13.10",
      "resolved": "https://registry.npmmirror.com/regenerator-runtime/-/regenerator-runtime-0.13.10.tgz",
      "integrity": "sha512-KepLsg4dU12hryUO7bp/axHAKvwGOCV0sGloQtpagJ12ai+ojVDqkeGSiRX1zlq+kjIMZ1t7gpze+26QqtdGqw=="
    },
    "tslib": {
      "version": "1.14.1",
      "resolved": "https://registry.npmmirror.com/tslib/-/tslib-1.14.1.tgz",
      "integrity": "sha512-Xni35NKzjgMrwevysHTCArtLDpPvye8zV/0E4EyYn43P7/7qvQwPh9BGkHewbMulVntbigmcT7rdX3BNo9wRJg=="
    }
  }
}
